
Microsoft Visual Studio Solution File, Format Version 12.00
# Visual Studio 15
VisualStudioVersion = 15.0.27428.2015
MinimumVisualStudioVersion = 10.0.40219.1
Project("{FAE04EC0-301F-11D3-BF4B-00C04F79EFBC}") = "WriteCalEvent", "WriteCalEvent\WriteCalEvent.csproj", "{ADBD8FEA-2BBA-49F1-8A7E-71EBCC652468}"
EndProject
Project("{FAE04EC0-301F-11D3-BF4B-00C04F79EFBC}") = "GoogleCalendarService", "GoogleCalendarService\GoogleCalendarService.csproj", "{E954B014-E452-4C2D-8451-85D9799765B8}"
EndProject
Global
	GlobalSection(SolutionConfigurationPlatforms) = preSolution
		Debug|Any CPU = Debug|Any CPU
		Release|Any CPU = Release|Any CPU
	EndGlobalSection
	GlobalSection(ProjectConfigurationPlatforms) = postSolution
		{ADBD8FEA-2BBA-49F1-8A7E-71EBCC652468}.Debug|Any CPU.ActiveCfg = Debug|Any CPU
		{ADBD8FEA-2BBA-49F1-8A7E-71EBCC652468}.Debug|Any CPU.Build.0 = Debug|Any CPU
		{ADBD8FEA-2BBA-49F1-8A7E-71EBCC652468}.Release|Any CPU.ActiveCfg = Release|Any CPU
		{ADBD8FEA-2BBA-49F1-8A7E-71EBCC652468}.Release|Any CPU.Build.0 = Release|Any CPU
		{E954B014-E452-4C2D-8451-85D9799765B8}.Debug|Any CPU.ActiveCfg = Debug|Any CPU
		{E954B014-E452-4C2D-8451-85D9799765B8}.Debug|Any CPU.Build.0 = Debug|Any CPU
		{E954B014-E452-4C2D-8451-85D9799765B8}.Release|Any CPU.ActiveCfg = Release|Any CPU
		{E954B014-E452-4C2D-8451-85D9799765B8}.Release|Any CPU.Build.0 = Release|Any CPU
	EndGlobalSection
	GlobalSection(SolutionProperties) = preSolution
		HideSolutionNode = FALSE
	EndGlobalSection
	GlobalSection(ExtensibilityGlobals) = postSolution
		SolutionGuid = {0359FCB8-1196-4F4A-89D8-F0AC34CB3AFB}
	EndGlobalSection
EndGlobal
